
Microsoft Visual Studio Solution File, Format Version 12.00
# Visual Studio 15
VisualStudioVersion = 15.0.28010.2019
MinimumVisualStudioVersion = 10.0.40219.1
Project("{FAE04EC0-301F-11D3-BF4B-00C04F79EFBC}") = "ClassAboutOrder", "ClassAboutOrder\ClassAboutOrder.csproj", "{EC7D1521-449A-40BD-9372-33D22783387E}"
EndProject
Project("{FAE04EC0-301F-11D3-BF4B-00C04F79EFBC}") = "program1", "program1\program1.csproj", "{B9F2ABD3-80EE-4358-9BF7-A10854BEABE1}"
EndProject
Global
	GlobalSection(SolutionConfigurationPlatforms) = preSolution
		Debug|Any CPU = Debug|Any CPU
		Release|Any CPU = Release|Any CPU
	EndGlobalSection
	GlobalSection(ProjectConfigurationPlatforms) = postSolution
		{EC7D1521-449A-40BD-9372-33D22783387E}.Debug|Any CPU.ActiveCfg = Debug|Any CPU
		{EC7D1521-449A-40BD-9372-33D22783387E}.Debug|Any CPU.Build.0 = Debug|Any CPU
		{EC7D1521-449A-40BD-9372-33D22783387E}.Release|Any CPU.ActiveCfg = Release|Any CPU
		{EC7D1521-449A-40BD-9372-33D22783387E}.Release|Any CPU.Build.0 = Release|Any CPU
		{B9F2ABD3-80EE-4358-9BF7-A10854BEABE1}.Debug|Any CPU.ActiveCfg = Debug|Any CPU
		{B9F2ABD3-80EE-4358-9BF7-A10854BEABE1}.Debug|Any CPU.Build.0 = Debug|Any CPU
		{B9F2ABD3-80EE-4358-9BF7-A10854BEABE1}.Release|Any CPU.ActiveCfg = Release|Any CPU
		{B9F2ABD3-80EE-4358-9BF7-A10854BEABE1}.Release|Any CPU.Build.0 = Release|Any CPU
	EndGlobalSection
	GlobalSection(SolutionProperties) = preSolution
		HideSolutionNode = FALSE
	EndGlobalSection
	GlobalSection(ExtensibilityGlobals) = postSolution
		SolutionGuid = {F829218A-2FBD-42C4-9857-B4DC8E9D1D40}
	EndGlobalSection
EndGlobal
