
Microsoft Visual Studio Solution File, Format Version 12.00
# Visual Studio 15
VisualStudioVersion = 15.0.28010.2019
MinimumVisualStudioVersion = 10.0.40219.1
Project("{FAE04EC0-301F-11D3-BF4B-00C04F79EFBC}") = "ForthQues", "ForthQues\ForthQues.csproj", "{4BCECC00-B907-42DF-8D72-8A9BB188B14F}"
EndProject
Project("{FAE04EC0-301F-11D3-BF4B-00C04F79EFBC}") = "FifthQues", "..\FifthQues\FifthQues\FifthQues.csproj", "{430BEDAF-114A-4027-B796-F167E797DF07}"
EndProject
Global
	GlobalSection(SolutionConfigurationPlatforms) = preSolution
		Debug|Any CPU = Debug|Any CPU
		Release|Any CPU = Release|Any CPU
	EndGlobalSection
	GlobalSection(ProjectConfigurationPlatforms) = postSolution
		{4BCECC00-B907-42DF-8D72-8A9BB188B14F}.Debug|Any CPU.ActiveCfg = Debug|Any CPU
		{4BCECC00-B907-42DF-8D72-8A9BB188B14F}.Debug|Any CPU.Build.0 = Debug|Any CPU
		{4BCECC00-B907-42DF-8D72-8A9BB188B14F}.Release|Any CPU.ActiveCfg = Release|Any CPU
		{4BCECC00-B907-42DF-8D72-8A9BB188B14F}.Release|Any CPU.Build.0 = Release|Any CPU
		{430BEDAF-114A-4027-B796-F167E797DF07}.Debug|Any CPU.ActiveCfg = Debug|Any CPU
		{430BEDAF-114A-4027-B796-F167E797DF07}.Debug|Any CPU.Build.0 = Debug|Any CPU
		{430BEDAF-114A-4027-B796-F167E797DF07}.Release|Any CPU.ActiveCfg = Release|Any CPU
		{430BEDAF-114A-4027-B796-F167E797DF07}.Release|Any CPU.Build.0 = Release|Any CPU
	EndGlobalSection
	GlobalSection(SolutionProperties) = preSolution
		HideSolutionNode = FALSE
	EndGlobalSection
	GlobalSection(ExtensibilityGlobals) = postSolution
		SolutionGuid = {3EC368D7-548B-49C8-B595-0427BEA554E7}
	EndGlobalSection
EndGlobal
